{
  "name": "@github/copilot-xcode",
  "version": "0.0.1",
  "lockfileVersion": 3,
  "requires": true,
  "packages": {
    "": {
      "name": "@github/copilot-xcode",
      "version": "0.0.1",
      "dependencies": {
        "@github/copilot-language-server": "^1.238.0"
      }
    },
    "node_modules/@github/copilot-language-server": {
      "version": "1.238.0",
      "resolved": "https://registry.npmjs.org/@github/copilot-language-server/-/copilot-language-server-1.238.0.tgz",
      "integrity": "sha512-pkNiTUc4o1KKwlFvSAnG97Mz6PSAhG7LTXwzGetkYr4vZySwZ1ne2SU3Cfqn+ndTlw/I03W0MuG3DjENk/GFiQ==",
      "bin": {
        "copilot-language-server": "dist/language-server.js"
      }
    }
  }
}
