{
  "name": "@github/copilot-xcode",
  "version": "0.0.1",
  "lockfileVersion": 3,
  "requires": true,
  "packages": {
    "": {
      "name": "@github/copilot-xcode",
      "version": "0.0.1",
      "dependencies": {
        "@github/copilot-language-server": "^1.234.0"
      }
    },
    "node_modules/@github/copilot-language-server": {
      "version": "1.234.0",
      "resolved": "https://registry.npmjs.org/@github/copilot-language-server/-/copilot-language-server-1.234.0.tgz",
      "integrity": "sha512-uNjSZZawr5uNE6+3IVNI0/mnImBqDFt8bEdz7zNLp3a8t0LcCJPA7rW0GR3r3LZ9wuIwjgz+XuS938q9lmN1Jg==",
      "bin": {
        "copilot-language-server": "dist/language-server.js"
      }
    }
  }
}
