{
  "name": "@github/copilot-xcode",
  "version": "0.0.1",
  "lockfileVersion": 3,
  "requires": true,
  "packages": {
    "": {
      "name": "@github/copilot-xcode",
      "version": "0.0.1",
      "dependencies": {
        "@github/copilot-language-server": "^1.239.0"
      }
    },
    "node_modules/@github/copilot-language-server": {
      "version": "1.239.0",
      "resolved": "https://registry.npmjs.org/@github/copilot-language-server/-/copilot-language-server-1.239.0.tgz",
      "integrity": "sha512-9hc4yKSVJQuE+BAdoP9EhOAFv0FlZG1XrzxJ9tPZvf65EADPbdPpZlgLtUDldKur6hQTdBSDhSbbBY9X8qJr7A==",
      "bin": {
        "copilot-language-server": "dist/language-server.js"
      }
    }
  }
}
